
Microsoft Visual Studio Solution File, Format Version 12.00
# Visual Studio 15
VisualStudioVersion = 15.0.28307.102
MinimumVisualStudioVersion = 10.0.40219.1
Project("{FAE04EC0-301F-11D3-BF4B-00C04F79EFBC}") = "SpaceX", "SpaceX\SpaceX.csproj", "{563035B3-1F20-45F3-9303-EC01881C4E8D}"
EndProject
Global
	GlobalSection(SolutionConfigurationPlatforms) = preSolution
		Debug|Any CPU = Debug|Any CPU
		Release|Any CPU = Release|Any CPU
	EndGlobalSection
	GlobalSection(ProjectConfigurationPlatforms) = postSolution
		{563035B3-1F20-45F3-9303-EC01881C4E8D}.Debug|Any CPU.ActiveCfg = Debug|Any CPU
		{563035B3-1F20-45F3-9303-EC01881C4E8D}.Debug|Any CPU.Build.0 = Debug|Any CPU
		{563035B3-1F20-45F3-9303-EC01881C4E8D}.Release|Any CPU.ActiveCfg = Release|Any CPU
		{563035B3-1F20-45F3-9303-EC01881C4E8D}.Release|Any CPU.Build.0 = Release|Any CPU
	EndGlobalSection
	GlobalSection(SolutionProperties) = preSolution
		HideSolutionNode = FALSE
	EndGlobalSection
	GlobalSection(ExtensibilityGlobals) = postSolution
		SolutionGuid = {EE12ACB4-AB5B-40CD-AFD7-8281D99B8D99}
	EndGlobalSection
EndGlobal
